
Microsoft Visual Studio Solution File, Format Version 12.00
# Visual Studio Version 17
VisualStudioVersion = 17.8.34330.188
MinimumVisualStudioVersion = 10.0.40219.1
Project("{FAE04EC0-301F-11D3-BF4B-00C04F79EFBC}") = "MyAdoNetproject", "MyAdoNetproject\MyAdoNetproject.csproj", "{773853D9-C9CD-4C44-8CE2-1146A638D81E}"
EndProject
Global
	GlobalSection(SolutionConfigurationPlatforms) = preSolution
		Debug|Any CPU = Debug|Any CPU
		Release|Any CPU = Release|Any CPU
	EndGlobalSection
	GlobalSection(ProjectConfigurationPlatforms) = postSolution
		{773853D9-C9CD-4C44-8CE2-1146A638D81E}.Debug|Any CPU.ActiveCfg = Debug|Any CPU
		{773853D9-C9CD-4C44-8CE2-1146A638D81E}.Debug|Any CPU.Build.0 = Debug|Any CPU
		{773853D9-C9CD-4C44-8CE2-1146A638D81E}.Release|Any CPU.ActiveCfg = Release|Any CPU
		{773853D9-C9CD-4C44-8CE2-1146A638D81E}.Release|Any CPU.Build.0 = Release|Any CPU
	EndGlobalSection
	GlobalSection(SolutionProperties) = preSolution
		HideSolutionNode = FALSE
	EndGlobalSection
	GlobalSection(ExtensibilityGlobals) = postSolution
		SolutionGuid = {82F2CB2E-6C57-4935-8100-EC8459DAA982}
	EndGlobalSection
EndGlobal
